
Microsoft Visual Studio Solution File, Format Version 12.00
# Visual Studio Version 17
VisualStudioVersion = 17.4.33213.308
MinimumVisualStudioVersion = 10.0.40219.1
Project("{9A19103F-16F7-4668-BE54-9A1E7A4F7556}") = "01_intro", "01_intro\01_intro.csproj", "{00CBA78F-DA56-4D79-BAB2-5518619FF4EB}"
EndProject
Project("{9A19103F-16F7-4668-BE54-9A1E7A4F7556}") = "02_ref_out _ parametrs", "02_Array _ one dym\02_ref_out _ parametrs.csproj", "{776B82BC-1E0B-48FB-BCAA-C1E22E2EB611}"
EndProject
Project("{9A19103F-16F7-4668-BE54-9A1E7A4F7556}") = "03_Array_one dym", "03_Array_one dym\03_Array_one dym.csproj", "{61808775-8EA7-4556-9677-46B9746BEACA}"
EndProject
Project("{9A19103F-16F7-4668-BE54-9A1E7A4F7556}") = "03_helper_home", "03_helper_home\03_helper_home.csproj", "{7F175BF4-B4DE-4504-9E70-2B8F3123935F}"
EndProject
Project("{9A19103F-16F7-4668-BE54-9A1E7A4F7556}") = "04_array two dym", "04_array two dym\04_array two dym.csproj", "{AD9ADB19-1CAF-4203-BFD2-B26AA2C2DE80}"
EndProject
Project("{9A19103F-16F7-4668-BE54-9A1E7A4F7556}") = "05_String", "05_String\05_String.csproj", "{167C322A-2E73-4A54-855C-C0267F5F297D}"
EndProject
Project("{9A19103F-16F7-4668-BE54-9A1E7A4F7556}") = "06_Class__intro", "06_Class__intro\06_Class__intro.csproj", "{FE14F97C-3E7E-476D-97E5-424CF210A381}"
EndProject
Project("{9A19103F-16F7-4668-BE54-9A1E7A4F7556}") = "07_Static_class_fields_methods", "07_Static_class_fields_methods\07_Static_class_fields_methods.csproj", "{1D04EC1A-870D-40CF-BED4-FFF245C92CB4}"
EndProject
Project("{9A19103F-16F7-4668-BE54-9A1E7A4F7556}") = "08_Null__operator", "08_Null__operator\08_Null__operator.csproj", "{FEA4D516-4796-45E4-8DB1-FECBC632AF11}"
EndProject
Project("{9A19103F-16F7-4668-BE54-9A1E7A4F7556}") = "09_Overload__operators", "09_Overload__operators\09_Overload__operators.csproj", "{AEC16765-9677-45DA-BC3B-F0A45CEB4FFF}"
EndProject
Project("{9A19103F-16F7-4668-BE54-9A1E7A4F7556}") = "09_Overload Vecto_ helper home", "09_Overload Vecto_ helper home\09_Overload Vecto_ helper home.csproj", "{70ED2EDD-DC8C-4466-ABD1-B5A371929C4D}"
EndProject
Project("{9A19103F-16F7-4668-BE54-9A1E7A4F7556}") = "10_Matrix_indexer", "10_Matrix_indexer\10_Matrix_indexer.csproj", "{6B8FD55D-2D83-41E7-AA21-25BCAB55EDB5}"
EndProject
Project("{9A19103F-16F7-4668-BE54-9A1E7A4F7556}") = "11_Exception", "11_Exception\11_Exception.csproj", "{2D8CF4A9-0BA4-46DA-92B7-6E7CCB1DDF0B}"
EndProject
Project("{9A19103F-16F7-4668-BE54-9A1E7A4F7556}") = "12_Inheritance", "12_Inheritance\12_Inheritance.csproj", "{8C5D8EB9-B628-40B9-B917-9A8D6D664288}"
EndProject
Project("{9A19103F-16F7-4668-BE54-9A1E7A4F7556}") = "13_Extension_Method", "13_Extension_Method\13_Extension_Method.csproj", "{3B63FEB9-9DAD-4663-97F5-9C2F549A8D78}"
EndProject
Project("{9A19103F-16F7-4668-BE54-9A1E7A4F7556}") = "14_Interface", "14_Interface\14_Interface.csproj", "{4A58FAF5-05D0-4614-8D84-1920F54AE885}"
EndProject
Project("{9A19103F-16F7-4668-BE54-9A1E7A4F7556}") = "15_IClonable", "15_IClonable\15_IClonable.csproj", "{2FF7D547-15EF-41C9-9E3B-EBF60D727B95}"
EndProject
Project("{9A19103F-16F7-4668-BE54-9A1E7A4F7556}") = "16_IEnumerable", "16_IEnumerable\16_IEnumerable.csproj", "{082EF3AD-7759-4331-B324-EC6A2477B985}"
EndProject
Project("{9A19103F-16F7-4668-BE54-9A1E7A4F7556}") = "17_Enum_demo", "17_Enum_demo\17_Enum_demo.csproj", "{9FCAD8E7-76B4-4E91-BBF6-192AEBD37788}"
EndProject
Project("{9A19103F-16F7-4668-BE54-9A1E7A4F7556}") = "18_Structure_demo", "18_Structure_demo\18_Structure_demo.csproj", "{8FB12069-110F-4736-8C57-61117A91EE20}"
EndProject
Project("{9A19103F-16F7-4668-BE54-9A1E7A4F7556}") = "19_Delagate", "19_Delagate\19_Delagate.csproj", "{2F76AB28-4268-4CE0-AD08-C02B13D30DB8}"
EndProject
Project("{9A19103F-16F7-4668-BE54-9A1E7A4F7556}") = "20_Delegate_as_params", "20_Delegate_as_params\20_Delegate_as_params.csproj", "{F4C36BE2-EC8B-4F86-A18D-DE0D11F5A746}"
EndProject
Project("{9A19103F-16F7-4668-BE54-9A1E7A4F7556}") = "21_Std_delegate", "21_Std_delegate\21_Std_delegate.csproj", "{18387BC1-2264-451B-B673-00DFDA049808}"
EndProject
Project("{9A19103F-16F7-4668-BE54-9A1E7A4F7556}") = "22_Events_demo", "22_Events_demo\22_Events_demo.csproj", "{4ECA915D-400F-402D-9E82-AD35226E5D10}"
EndProject
Project("{9A19103F-16F7-4668-BE54-9A1E7A4F7556}") = "23_EventHandler", "23_EventHandler\23_EventHandler.csproj", "{6003FB70-4B17-4528-8CEC-5AF0C79C9398}"
EndProject
Project("{9A19103F-16F7-4668-BE54-9A1E7A4F7556}") = "24_Generics_demo", "24_Generics_demo\24_Generics_demo.csproj", "{5BAAD8BD-FE25-4C40-9B91-A59FFB968A23}"
EndProject
Project("{9A19103F-16F7-4668-BE54-9A1E7A4F7556}") = "25_Generics_Stack", "25_Generics_Stack\25_Generics_Stack.csproj", "{0EF7B38D-F3D3-4F60-98D1-E1E18491FD0E}"
EndProject
Project("{9A19103F-16F7-4668-BE54-9A1E7A4F7556}") = "26_ArrayList_vs_List", "26_ArrayList_vs_List\26_ArrayList_vs_List.csproj", "{952193E0-0A9A-4CE8-8EAF-85E636B3FB83}"
EndProject
Project("{9A19103F-16F7-4668-BE54-9A1E7A4F7556}") = "27_SortedList", "27_SortedList\27_SortedList.csproj", "{538B2223-75A0-4AB5-B3EB-0A998AC3D29B}"
EndProject
Project("{9A19103F-16F7-4668-BE54-9A1E7A4F7556}") = "28_Dictionary_vs_SortedDictionary", "28_Dictionary_vs_SortedDictionary\28_Dictionary_vs_SortedDictionary.csproj", "{C27C53F6-B831-4E97-B5B5-AF1B8E8FF78B}"
EndProject
Project("{9A19103F-16F7-4668-BE54-9A1E7A4F7556}") = "29_FileStream_Demo", "29_FileStream_Demo\29_FileStream_Demo.csproj", "{C8730F24-3FC2-4759-80AD-FEE5BE5F6FEF}"
EndProject
Project("{9A19103F-16F7-4668-BE54-9A1E7A4F7556}") = "30_Binary_Writer_Reader", "30_Binary_Writer_Reader\30_Binary_Writer_Reader.csproj", "{B45A9D88-A16A-45D5-BA09-45673B31913A}"
EndProject
Project("{9A19103F-16F7-4668-BE54-9A1E7A4F7556}") = "31_Stream_Writer_Reader", "31_Stream_Writer_Reader\31_Stream_Writer_Reader.csproj", "{6BDAF6F9-69F5-45FC-BDC7-AE32993A56C1}"
EndProject
Project("{FAE04EC0-301F-11D3-BF4B-00C04F79EFBC}") = "32_XML_Serializer", "32_XML_Serializer\32_XML_Serializer.csproj", "{FC098C76-D0A9-409E-9E66-3A2AF4786F6D}"
EndProject
Project("{FAE04EC0-301F-11D3-BF4B-00C04F79EFBC}") = "33_JSON_Serializer", "33_JSON_Serializer\33_JSON_Serializer.csproj", "{844E1866-46D8-4A56-A79B-C3C96CC18F5D}"
EndProject
Global
	GlobalSection(SolutionConfigurationPlatforms) = preSolution
		Debug|Any CPU = Debug|Any CPU
		Debug|x64 = Debug|x64
		Debug|x86 = Debug|x86
		Release|Any CPU = Release|Any CPU
		Release|x64 = Release|x64
		Release|x86 = Release|x86
	EndGlobalSection
	GlobalSection(ProjectConfigurationPlatforms) = postSolution
		{00CBA78F-DA56-4D79-BAB2-5518619FF4EB}.Debug|Any CPU.ActiveCfg = Debug|Any CPU
		{00CBA78F-DA56-4D79-BAB2-5518619FF4EB}.Debug|Any CPU.Build.0 = Debug|Any CPU
		{00CBA78F-DA56-4D79-BAB2-5518619FF4EB}.Debug|x64.ActiveCfg = Debug|Any CPU
		{00CBA78F-DA56-4D79-BAB2-5518619FF4EB}.Debug|x64.Build.0 = Debug|Any CPU
		{00CBA78F-DA56-4D79-BAB2-5518619FF4EB}.Debug|x86.ActiveCfg = Debug|Any CPU
		{00CBA78F-DA56-4D79-BAB2-5518619FF4EB}.Debug|x86.Build.0 = Debug|Any CPU
		{00CBA78F-DA56-4D79-BAB2-5518619FF4EB}.Release|Any CPU.ActiveCfg = Release|Any CPU
		{00CBA78F-DA56-4D79-BAB2-5518619FF4EB}.Release|Any CPU.Build.0 = Release|Any CPU
		{00CBA78F-DA56-4D79-BAB2-5518619FF4EB}.Release|x64.ActiveCfg = Release|Any CPU
		{00CBA78F-DA56-4D79-BAB2-5518619FF4EB}.Release|x64.Build.0 = Release|Any CPU
		{00CBA78F-DA56-4D79-BAB2-5518619FF4EB}.Release|x86.ActiveCfg = Release|Any CPU
		{00CBA78F-DA56-4D79-BAB2-5518619FF4EB}.Release|x86.Build.0 = Release|Any CPU
		{776B82BC-1E0B-48FB-BCAA-C1E22E2EB611}.Debug|Any CPU.ActiveCfg = Debug|Any CPU
		{776B82BC-1E0B-48FB-BCAA-C1E22E2EB611}.Debug|Any CPU.Build.0 = Debug|Any CPU
		{776B82BC-1E0B-48FB-BCAA-C1E22E2EB611}.Debug|x64.ActiveCfg = Debug|Any CPU
		{776B82BC-1E0B-48FB-BCAA-C1E22E2EB611}.Debug|x64.Build.0 = Debug|Any CPU
		{776B82BC-1E0B-48FB-BCAA-C1E22E2EB611}.Debug|x86.ActiveCfg = Debug|Any CPU
		{776B82BC-1E0B-48FB-BCAA-C1E22E2EB611}.Debug|x86.Build.0 = Debug|Any CPU
		{776B82BC-1E0B-48FB-BCAA-C1E22E2EB611}.Release|Any CPU.ActiveCfg = Release|Any CPU
		{776B82BC-1E0B-48FB-BCAA-C1E22E2EB611}.Release|Any CPU.Build.0 = Release|Any CPU
		{776B82BC-1E0B-48FB-BCAA-C1E22E2EB611}.Release|x64.ActiveCfg = Release|Any CPU
		{776B82BC-1E0B-48FB-BCAA-C1E22E2EB611}.Release|x64.Build.0 = Release|Any CPU
		{776B82BC-1E0B-48FB-BCAA-C1E22E2EB611}.Release|x86.ActiveCfg = Release|Any CPU
		{776B82BC-1E0B-48FB-BCAA-C1E22E2EB611}.Release|x86.Build.0 = Release|Any CPU
		{61808775-8EA7-4556-9677-46B9746BEACA}.Debug|Any CPU.ActiveCfg = Debug|Any CPU
		{61808775-8EA7-4556-9677-46B9746BEACA}.Debug|Any CPU.Build.0 = Debug|Any CPU
		{61808775-8EA7-4556-9677-46B9746BEACA}.Debug|x64.ActiveCfg = Debug|Any CPU
		{61808775-8EA7-4556-9677-46B9746BEACA}.Debug|x64.Build.0 = Debug|Any CPU
		{61808775-8EA7-4556-9677-46B9746BEACA}.Debug|x86.ActiveCfg = Debug|Any CPU
		{61808775-8EA7-4556-9677-46B9746BEACA}.Debug|x86.Build.0 = Debug|Any CPU
		{61808775-8EA7-4556-9677-46B9746BEACA}.Release|Any CPU.ActiveCfg = Release|Any CPU
		{61808775-8EA7-4556-9677-46B9746BEACA}.Release|Any CPU.Build.0 = Release|Any CPU
		{61808775-8EA7-4556-9677-46B9746BEACA}.Release|x64.ActiveCfg = Release|Any CPU
		{61808775-8EA7-4556-9677-46B9746BEACA}.Release|x64.Build.0 = Release|Any CPU
		{61808775-8EA7-4556-9677-46B9746BEACA}.Release|x86.ActiveCfg = Release|Any CPU
		{61808775-8EA7-4556-9677-46B9746BEACA}.Release|x86.Build.0 = Release|Any CPU
		{7F175BF4-B4DE-4504-9E70-2B8F3123935F}.Debug|Any CPU.ActiveCfg = Debug|Any CPU
		{7F175BF4-B4DE-4504-9E70-2B8F3123935F}.Debug|Any CPU.Build.0 = Debug|Any CPU
		{7F175BF4-B4DE-4504-9E70-2B8F3123935F}.Debug|x64.ActiveCfg = Debug|Any CPU
		{7F175BF4-B4DE-4504-9E70-2B8F3123935F}.Debug|x64.Build.0 = Debug|Any CPU
		{7F175BF4-B4DE-4504-9E70-2B8F3123935F}.Debug|x86.ActiveCfg = Debug|Any CPU
		{7F175BF4-B4DE-4504-9E70-2B8F3123935F}.Debug|x86.Build.0 = Debug|Any CPU
		{7F175BF4-B4DE-4504-9E70-2B8F3123935F}.Release|Any CPU.ActiveCfg = Release|Any CPU
		{7F175BF4-B4DE-4504-9E70-2B8F3123935F}.Release|Any CPU.Build.0 = Release|Any CPU
		{7F175BF4-B4DE-4504-9E70-2B8F3123935F}.Release|x64.ActiveCfg = Release|Any CPU
		{7F175BF4-B4DE-4504-9E70-2B8F3123935F}.Release|x64.Build.0 = Release|Any CPU
		{7F175BF4-B4DE-4504-9E70-2B8F3123935F}.Release|x86.ActiveCfg = Release|Any CPU
		{7F175BF4-B4DE-4504-9E70-2B8F3123935F}.Release|x86.Build.0 = Release|Any CPU
		{AD9ADB19-1CAF-4203-BFD2-B26AA2C2DE80}.Debug|Any CPU.ActiveCfg = Debug|Any CPU
		{AD9ADB19-1CAF-4203-BFD2-B26AA2C2DE80}.Debug|Any CPU.Build.0 = Debug|Any CPU
		{AD9ADB19-1CAF-4203-BFD2-B26AA2C2DE80}.Debug|x64.ActiveCfg = Debug|Any CPU
		{AD9ADB19-1CAF-4203-BFD2-B26AA2C2DE80}.Debug|x64.Build.0 = Debug|Any CPU
		{AD9ADB19-1CAF-4203-BFD2-B26AA2C2DE80}.Debug|x86.ActiveCfg = Debug|Any CPU
		{AD9ADB19-1CAF-4203-BFD2-B26AA2C2DE80}.Debug|x86.Build.0 = Debug|Any CPU
		{AD9ADB19-1CAF-4203-BFD2-B26AA2C2DE80}.Release|Any CPU.ActiveCfg = Release|Any CPU
		{AD9ADB19-1CAF-4203-BFD2-B26AA2C2DE80}.Release|Any CPU.Build.0 = Release|Any CPU
		{AD9ADB19-1CAF-4203-BFD2-B26AA2C2DE80}.Release|x64.ActiveCfg = Release|Any CPU
		{AD9ADB19-1CAF-4203-BFD2-B26AA2C2DE80}.Release|x64.Build.0 = Release|Any CPU
		{AD9ADB19-1CAF-4203-BFD2-B26AA2C2DE80}.Release|x86.ActiveCfg = Release|Any CPU
		{AD9ADB19-1CAF-4203-BFD2-B26AA2C2DE80}.Release|x86.Build.0 = Release|Any CPU
		{167C322A-2E73-4A54-855C-C0267F5F297D}.Debug|Any CPU.ActiveCfg = Debug|Any CPU
		{167C322A-2E73-4A54-855C-C0267F5F297D}.Debug|Any CPU.Build.0 = Debug|Any CPU
		{167C322A-2E73-4A54-855C-C0267F5F297D}.Debug|x64.ActiveCfg = Debug|Any CPU
		{167C322A-2E73-4A54-855C-C0267F5F297D}.Debug|x64.Build.0 = Debug|Any CPU
		{167C322A-2E73-4A54-855C-C0267F5F297D}.Debug|x86.ActiveCfg = Debug|Any CPU
		{167C322A-2E73-4A54-855C-C0267F5F297D}.Debug|x86.Build.0 = Debug|Any CPU
		{167C322A-2E73-4A54-855C-C0267F5F297D}.Release|Any CPU.ActiveCfg = Release|Any CPU
		{167C322A-2E73-4A54-855C-C0267F5F297D}.Release|Any CPU.Build.0 = Release|Any CPU
		{167C322A-2E73-4A54-855C-C0267F5F297D}.Release|x64.ActiveCfg = Release|Any CPU
		{167C322A-2E73-4A54-855C-C0267F5F297D}.Release|x64.Build.0 = Release|Any CPU
		{167C322A-2E73-4A54-855C-C0267F5F297D}.Release|x86.ActiveCfg = Release|Any CPU
		{167C322A-2E73-4A54-855C-C0267F5F297D}.Release|x86.Build.0 = Release|Any CPU
		{FE14F97C-3E7E-476D-97E5-424CF210A381}.Debug|Any CPU.ActiveCfg = Debug|Any CPU
		{FE14F97C-3E7E-476D-97E5-424CF210A381}.Debug|Any CPU.Build.0 = Debug|Any CPU
		{FE14F97C-3E7E-476D-97E5-424CF210A381}.Debug|x64.ActiveCfg = Debug|Any CPU
		{FE14F97C-3E7E-476D-97E5-424CF210A381}.Debug|x64.Build.0 = Debug|Any CPU
		{FE14F97C-3E7E-476D-97E5-424CF210A381}.Debug|x86.ActiveCfg = Debug|Any CPU
		{FE14F97C-3E7E-476D-97E5-424CF210A381}.Debug|x86.Build.0 = Debug|Any CPU
		{FE14F97C-3E7E-476D-97E5-424CF210A381}.Release|Any CPU.ActiveCfg = Release|Any CPU
		{FE14F97C-3E7E-476D-97E5-424CF210A381}.Release|Any CPU.Build.0 = Release|Any CPU
		{FE14F97C-3E7E-476D-97E5-424CF210A381}.Release|x64.ActiveCfg = Release|Any CPU
		{FE14F97C-3E7E-476D-97E5-424CF210A381}.Release|x64.Build.0 = Release|Any CPU
		{FE14F97C-3E7E-476D-97E5-424CF210A381}.Release|x86.ActiveCfg = Release|Any CPU
		{FE14F97C-3E7E-476D-97E5-424CF210A381}.Release|x86.Build.0 = Release|Any CPU
		{1D04EC1A-870D-40CF-BED4-FFF245C92CB4}.Debug|Any CPU.ActiveCfg = Debug|Any CPU
		{1D04EC1A-870D-40CF-BED4-FFF245C92CB4}.Debug|Any CPU.Build.0 = Debug|Any CPU
		{1D04EC1A-870D-40CF-BED4-FFF245C92CB4}.Debug|x64.ActiveCfg = Debug|Any CPU
		{1D04EC1A-870D-40CF-BED4-FFF245C92CB4}.Debug|x64.Build.0 = Debug|Any CPU
		{1D04EC1A-870D-40CF-BED4-FFF245C92CB4}.Debug|x86.ActiveCfg = Debug|Any CPU
		{1D04EC1A-870D-40CF-BED4-FFF245C92CB4}.Debug|x86.Build.0 = Debug|Any CPU
		{1D04EC1A-870D-40CF-BED4-FFF245C92CB4}.Release|Any CPU.ActiveCfg = Release|Any CPU
		{1D04EC1A-870D-40CF-BED4-FFF245C92CB4}.Release|Any CPU.Build.0 = Release|Any CPU
		{1D04EC1A-870D-40CF-BED4-FFF245C92CB4}.Release|x64.ActiveCfg = Release|Any CPU
		{1D04EC1A-870D-40CF-BED4-FFF245C92CB4}.Release|x64.Build.0 = Release|Any CPU
		{1D04EC1A-870D-40CF-BED4-FFF245C92CB4}.Release|x86.ActiveCfg = Release|Any CPU
		{1D04EC1A-870D-40CF-BED4-FFF245C92CB4}.Release|x86.Build.0 = Release|Any CPU
		{FEA4D516-4796-45E4-8DB1-FECBC632AF11}.Debug|Any CPU.ActiveCfg = Debug|Any CPU
		{FEA4D516-4796-45E4-8DB1-FECBC632AF11}.Debug|Any CPU.Build.0 = Debug|Any CPU
		{FEA4D516-4796-45E4-8DB1-FECBC632AF11}.Debug|x64.ActiveCfg = Debug|Any CPU
		{FEA4D516-4796-45E4-8DB1-FECBC632AF11}.Debug|x64.Build.0 = Debug|Any CPU
		{FEA4D516-4796-45E4-8DB1-FECBC632AF11}.Debug|x86.ActiveCfg = Debug|Any CPU
		{FEA4D516-4796-45E4-8DB1-FECBC632AF11}.Debug|x86.Build.0 = Debug|Any CPU
		{FEA4D516-4796-45E4-8DB1-FECBC632AF11}.Release|Any CPU.ActiveCfg = Release|Any CPU
		{FEA4D516-4796-45E4-8DB1-FECBC632AF11}.Release|Any CPU.Build.0 = Release|Any CPU
		{FEA4D516-4796-45E4-8DB1-FECBC632AF11}.Release|x64.ActiveCfg = Release|Any CPU
		{FEA4D516-4796-45E4-8DB1-FECBC632AF11}.Release|x64.Build.0 = Release|Any CPU
		{FEA4D516-4796-45E4-8DB1-FECBC632AF11}.Release|x86.ActiveCfg = Release|Any CPU
		{FEA4D516-4796-45E4-8DB1-FECBC632AF11}.Release|x86.Build.0 = Release|Any CPU
		{AEC16765-9677-45DA-BC3B-F0A45CEB4FFF}.Debug|Any CPU.ActiveCfg = Debug|Any CPU
		{AEC16765-9677-45DA-BC3B-F0A45CEB4FFF}.Debug|Any CPU.Build.0 = Debug|Any CPU
		{AEC16765-9677-45DA-BC3B-F0A45CEB4FFF}.Debug|x64.ActiveCfg = Debug|Any CPU
		{AEC16765-9677-45DA-BC3B-F0A45CEB4FFF}.Debug|x64.Build.0 = Debug|Any CPU
		{AEC16765-9677-45DA-BC3B-F0A45CEB4FFF}.Debug|x86.ActiveCfg = Debug|Any CPU
		{AEC16765-9677-45DA-BC3B-F0A45CEB4FFF}.Debug|x86.Build.0 = Debug|Any CPU
		{AEC16765-9677-45DA-BC3B-F0A45CEB4FFF}.Release|Any CPU.ActiveCfg = Release|Any CPU
		{AEC16765-9677-45DA-BC3B-F0A45CEB4FFF}.Release|Any CPU.Build.0 = Release|Any CPU
		{AEC16765-9677-45DA-BC3B-F0A45CEB4FFF}.Release|x64.ActiveCfg = Release|Any CPU
		{AEC16765-9677-45DA-BC3B-F0A45CEB4FFF}.Release|x64.Build.0 = Release|Any CPU
		{AEC16765-9677-45DA-BC3B-F0A45CEB4FFF}.Release|x86.ActiveCfg = Release|Any CPU
		{AEC16765-9677-45DA-BC3B-F0A45CEB4FFF}.Release|x86.Build.0 = Release|Any CPU
		{70ED2EDD-DC8C-4466-ABD1-B5A371929C4D}.Debug|Any CPU.ActiveCfg = Debug|Any CPU
		{70ED2EDD-DC8C-4466-ABD1-B5A371929C4D}.Debug|Any CPU.Build.0 = Debug|Any CPU
		{70ED2EDD-DC8C-4466-ABD1-B5A371929C4D}.Debug|x64.ActiveCfg = Debug|Any CPU
		{70ED2EDD-DC8C-4466-ABD1-B5A371929C4D}.Debug|x64.Build.0 = Debug|Any CPU
		{70ED2EDD-DC8C-4466-ABD1-B5A371929C4D}.Debug|x86.ActiveCfg = Debug|Any CPU
		{70ED2EDD-DC8C-4466-ABD1-B5A371929C4D}.Debug|x86.Build.0 = Debug|Any CPU
		{70ED2EDD-DC8C-4466-ABD1-B5A371929C4D}.Release|Any CPU.ActiveCfg = Release|Any CPU
		{70ED2EDD-DC8C-4466-ABD1-B5A371929C4D}.Release|Any CPU.Build.0 = Release|Any CPU
		{70ED2EDD-DC8C-4466-ABD1-B5A371929C4D}.Release|x64.ActiveCfg = Release|Any CPU
		{70ED2EDD-DC8C-4466-ABD1-B5A371929C4D}.Release|x64.Build.0 = Release|Any CPU
		{70ED2EDD-DC8C-4466-ABD1-B5A371929C4D}.Release|x86.ActiveCfg = Release|Any CPU
		{70ED2EDD-DC8C-4466-ABD1-B5A371929C4D}.Release|x86.Build.0 = Release|Any CPU
		{6B8FD55D-2D83-41E7-AA21-25BCAB55EDB5}.Debug|Any CPU.ActiveCfg = Debug|Any CPU
		{6B8FD55D-2D83-41E7-AA21-25BCAB55EDB5}.Debug|Any CPU.Build.0 = Debug|Any CPU
		{6B8FD55D-2D83-41E7-AA21-25BCAB55EDB5}.Debug|x64.ActiveCfg = Debug|Any CPU
		{6B8FD55D-2D83-41E7-AA21-25BCAB55EDB5}.Debug|x64.Build.0 = Debug|Any CPU
		{6B8FD55D-2D83-41E7-AA21-25BCAB55EDB5}.Debug|x86.ActiveCfg = Debug|Any CPU
		{6B8FD55D-2D83-41E7-AA21-25BCAB55EDB5}.Debug|x86.Build.0 = Debug|Any CPU
		{6B8FD55D-2D83-41E7-AA21-25BCAB55EDB5}.Release|Any CPU.ActiveCfg = Release|Any CPU
		{6B8FD55D-2D83-41E7-AA21-25BCAB55EDB5}.Release|Any CPU.Build.0 = Release|Any CPU
		{6B8FD55D-2D83-41E7-AA21-25BCAB55EDB5}.Release|x64.ActiveCfg = Release|Any CPU
		{6B8FD55D-2D83-41E7-AA21-25BCAB55EDB5}.Release|x64.Build.0 = Release|Any CPU
		{6B8FD55D-2D83-41E7-AA21-25BCAB55EDB5}.Release|x86.ActiveCfg = Release|Any CPU
		{6B8FD55D-2D83-41E7-AA21-25BCAB55EDB5}.Release|x86.Build.0 = Release|Any CPU
		{2D8CF4A9-0BA4-46DA-92B7-6E7CCB1DDF0B}.Debug|Any CPU.ActiveCfg = Debug|Any CPU
		{2D8CF4A9-0BA4-46DA-92B7-6E7CCB1DDF0B}.Debug|Any CPU.Build.0 = Debug|Any CPU
		{2D8CF4A9-0BA4-46DA-92B7-6E7CCB1DDF0B}.Debug|x64.ActiveCfg = Debug|Any CPU
		{2D8CF4A9-0BA4-46DA-92B7-6E7CCB1DDF0B}.Debug|x64.Build.0 = Debug|Any CPU
		{2D8CF4A9-0BA4-46DA-92B7-6E7CCB1DDF0B}.Debug|x86.ActiveCfg = Debug|Any CPU
		{2D8CF4A9-0BA4-46DA-92B7-6E7CCB1DDF0B}.Debug|x86.Build.0 = Debug|Any CPU
		{2D8CF4A9-0BA4-46DA-92B7-6E7CCB1DDF0B}.Release|Any CPU.ActiveCfg = Release|Any CPU
		{2D8CF4A9-0BA4-46DA-92B7-6E7CCB1DDF0B}.Release|Any CPU.Build.0 = Release|Any CPU
		{2D8CF4A9-0BA4-46DA-92B7-6E7CCB1DDF0B}.Release|x64.ActiveCfg = Release|Any CPU
		{2D8CF4A9-0BA4-46DA-92B7-6E7CCB1DDF0B}.Release|x64.Build.0 = Release|Any CPU
		{2D8CF4A9-0BA4-46DA-92B7-6E7CCB1DDF0B}.Release|x86.ActiveCfg = Release|Any CPU
		{2D8CF4A9-0BA4-46DA-92B7-6E7CCB1DDF0B}.Release|x86.Build.0 = Release|Any CPU
		{8C5D8EB9-B628-40B9-B917-9A8D6D664288}.Debug|Any CPU.ActiveCfg = Debug|Any CPU
		{8C5D8EB9-B628-40B9-B917-9A8D6D664288}.Debug|Any CPU.Build.0 = Debug|Any CPU
		{8C5D8EB9-B628-40B9-B917-9A8D6D664288}.Debug|x64.ActiveCfg = Debug|Any CPU
		{8C5D8EB9-B628-40B9-B917-9A8D6D664288}.Debug|x64.Build.0 = Debug|Any CPU
		{8C5D8EB9-B628-40B9-B917-9A8D6D664288}.Debug|x86.ActiveCfg = Debug|Any CPU
		{8C5D8EB9-B628-40B9-B917-9A8D6D664288}.Debug|x86.Build.0 = Debug|Any CPU
		{8C5D8EB9-B628-40B9-B917-9A8D6D664288}.Release|Any CPU.ActiveCfg = Release|Any CPU
		{8C5D8EB9-B628-40B9-B917-9A8D6D664288}.Release|Any CPU.Build.0 = Release|Any CPU
		{8C5D8EB9-B628-40B9-B917-9A8D6D664288}.Release|x64.ActiveCfg = Release|Any CPU
		{8C5D8EB9-B628-40B9-B917-9A8D6D664288}.Release|x64.Build.0 = Release|Any CPU
		{8C5D8EB9-B628-40B9-B917-9A8D6D664288}.Release|x86.ActiveCfg = Release|Any CPU
		{8C5D8EB9-B628-40B9-B917-9A8D6D664288}.Release|x86.Build.0 = Release|Any CPU
		{3B63FEB9-9DAD-4663-97F5-9C2F549A8D78}.Debug|Any CPU.ActiveCfg = Debug|Any CPU
		{3B63FEB9-9DAD-4663-97F5-9C2F549A8D78}.Debug|Any CPU.Build.0 = Debug|Any CPU
		{3B63FEB9-9DAD-4663-97F5-9C2F549A8D78}.Debug|x64.ActiveCfg = Debug|Any CPU
		{3B63FEB9-9DAD-4663-97F5-9C2F549A8D78}.Debug|x64.Build.0 = Debug|Any CPU
		{3B63FEB9-9DAD-4663-97F5-9C2F549A8D78}.Debug|x86.ActiveCfg = Debug|Any CPU
		{3B63FEB9-9DAD-4663-97F5-9C2F549A8D78}.Debug|x86.Build.0 = Debug|Any CPU
		{3B63FEB9-9DAD-4663-97F5-9C2F549A8D78}.Release|Any CPU.ActiveCfg = Release|Any CPU
		{3B63FEB9-9DAD-4663-97F5-9C2F549A8D78}.Release|Any CPU.Build.0 = Release|Any CPU
		{3B63FEB9-9DAD-4663-97F5-9C2F549A8D78}.Release|x64.ActiveCfg = Release|Any CPU
		{3B63FEB9-9DAD-4663-97F5-9C2F549A8D78}.Release|x64.Build.0 = Release|Any CPU
		{3B63FEB9-9DAD-4663-97F5-9C2F549A8D78}.Release|x86.ActiveCfg = Release|Any CPU
		{3B63FEB9-9DAD-4663-97F5-9C2F549A8D78}.Release|x86.Build.0 = Release|Any CPU
		{4A58FAF5-05D0-4614-8D84-1920F54AE885}.Debug|Any CPU.ActiveCfg = Debug|Any CPU
		{4A58FAF5-05D0-4614-8D84-1920F54AE885}.Debug|Any CPU.Build.0 = Debug|Any CPU
		{4A58FAF5-05D0-4614-8D84-1920F54AE885}.Debug|x64.ActiveCfg = Debug|Any CPU
		{4A58FAF5-05D0-4614-8D84-1920F54AE885}.Debug|x64.Build.0 = Debug|Any CPU
		{4A58FAF5-05D0-4614-8D84-1920F54AE885}.Debug|x86.ActiveCfg = Debug|Any CPU
		{4A58FAF5-05D0-4614-8D84-1920F54AE885}.Debug|x86.Build.0 = Debug|Any CPU
		{4A58FAF5-05D0-4614-8D84-1920F54AE885}.Release|Any CPU.ActiveCfg = Release|Any CPU
		{4A58FAF5-05D0-4614-8D84-1920F54AE885}.Release|Any CPU.Build.0 = Release|Any CPU
		{4A58FAF5-05D0-4614-8D84-1920F54AE885}.Release|x64.ActiveCfg = Release|Any CPU
		{4A58FAF5-05D0-4614-8D84-1920F54AE885}.Release|x64.Build.0 = Release|Any CPU
		{4A58FAF5-05D0-4614-8D84-1920F54AE885}.Release|x86.ActiveCfg = Release|Any CPU
		{4A58FAF5-05D0-4614-8D84-1920F54AE885}.Release|x86.Build.0 = Release|Any CPU
		{2FF7D547-15EF-41C9-9E3B-EBF60D727B95}.Debug|Any CPU.ActiveCfg = Debug|Any CPU
		{2FF7D547-15EF-41C9-9E3B-EBF60D727B95}.Debug|Any CPU.Build.0 = Debug|Any CPU
		{2FF7D547-15EF-41C9-9E3B-EBF60D727B95}.Debug|x64.ActiveCfg = Debug|Any CPU
		{2FF7D547-15EF-41C9-9E3B-EBF60D727B95}.Debug|x64.Build.0 = Debug|Any CPU
		{2FF7D547-15EF-41C9-9E3B-EBF60D727B95}.Debug|x86.ActiveCfg = Debug|Any CPU
		{2FF7D547-15EF-41C9-9E3B-EBF60D727B95}.Debug|x86.Build.0 = Debug|Any CPU
		{2FF7D547-15EF-41C9-9E3B-EBF60D727B95}.Release|Any CPU.ActiveCfg = Release|Any CPU
		{2FF7D547-15EF-41C9-9E3B-EBF60D727B95}.Release|Any CPU.Build.0 = Release|Any CPU
		{2FF7D547-15EF-41C9-9E3B-EBF60D727B95}.Release|x64.ActiveCfg = Release|Any CPU
		{2FF7D547-15EF-41C9-9E3B-EBF60D727B95}.Release|x64.Build.0 = Release|Any CPU
		{2FF7D547-15EF-41C9-9E3B-EBF60D727B95}.Release|x86.ActiveCfg = Release|Any CPU
		{2FF7D547-15EF-41C9-9E3B-EBF60D727B95}.Release|x86.Build.0 = Release|Any CPU
		{082EF3AD-7759-4331-B324-EC6A2477B985}.Debug|Any CPU.ActiveCfg = Debug|Any CPU
		{082EF3AD-7759-4331-B324-EC6A2477B985}.Debug|Any CPU.Build.0 = Debug|Any CPU
		{082EF3AD-7759-4331-B324-EC6A2477B985}.Debug|x64.ActiveCfg = Debug|Any CPU
		{082EF3AD-7759-4331-B324-EC6A2477B985}.Debug|x64.Build.0 = Debug|Any CPU
		{082EF3AD-7759-4331-B324-EC6A2477B985}.Debug|x86.ActiveCfg = Debug|Any CPU
		{082EF3AD-7759-4331-B324-EC6A2477B985}.Debug|x86.Build.0 = Debug|Any CPU
		{082EF3AD-7759-4331-B324-EC6A2477B985}.Release|Any CPU.ActiveCfg = Release|Any CPU
		{082EF3AD-7759-4331-B324-EC6A2477B985}.Release|Any CPU.Build.0 = Release|Any CPU
		{082EF3AD-7759-4331-B324-EC6A2477B985}.Release|x64.ActiveCfg = Release|Any CPU
		{082EF3AD-7759-4331-B324-EC6A2477B985}.Release|x64.Build.0 = Release|Any CPU
		{082EF3AD-7759-4331-B324-EC6A2477B985}.Release|x86.ActiveCfg = Release|Any CPU
		{082EF3AD-7759-4331-B324-EC6A2477B985}.Release|x86.Build.0 = Release|Any CPU
		{9FCAD8E7-76B4-4E91-BBF6-192AEBD37788}.Debug|Any CPU.ActiveCfg = Debug|Any CPU
		{9FCAD8E7-76B4-4E91-BBF6-192AEBD37788}.Debug|Any CPU.Build.0 = Debug|Any CPU
		{9FCAD8E7-76B4-4E91-BBF6-192AEBD37788}.Debug|x64.ActiveCfg = Debug|Any CPU
		{9FCAD8E7-76B4-4E91-BBF6-192AEBD37788}.Debug|x64.Build.0 = Debug|Any CPU
		{9FCAD8E7-76B4-4E91-BBF6-192AEBD37788}.Debug|x86.ActiveCfg = Debug|Any CPU
		{9FCAD8E7-76B4-4E91-BBF6-192AEBD37788}.Debug|x86.Build.0 = Debug|Any CPU
		{9FCAD8E7-76B4-4E91-BBF6-192AEBD37788}.Release|Any CPU.ActiveCfg = Release|Any CPU
		{9FCAD8E7-76B4-4E91-BBF6-192AEBD37788}.Release|Any CPU.Build.0 = Release|Any CPU
		{9FCAD8E7-76B4-4E91-BBF6-192AEBD37788}.Release|x64.ActiveCfg = Release|Any CPU
		{9FCAD8E7-76B4-4E91-BBF6-192AEBD37788}.Release|x64.Build.0 = Release|Any CPU
		{9FCAD8E7-76B4-4E91-BBF6-192AEBD37788}.Release|x86.ActiveCfg = Release|Any CPU
		{9FCAD8E7-76B4-4E91-BBF6-192AEBD37788}.Release|x86.Build.0 = Release|Any CPU
		{8FB12069-110F-4736-8C57-61117A91EE20}.Debug|Any CPU.ActiveCfg = Debug|Any CPU
		{8FB12069-110F-4736-8C57-61117A91EE20}.Debug|Any CPU.Build.0 = Debug|Any CPU
		{8FB12069-110F-4736-8C57-61117A91EE20}.Debug|x64.ActiveCfg = Debug|Any CPU
		{8FB12069-110F-4736-8C57-61117A91EE20}.Debug|x64.Build.0 = Debug|Any CPU
		{8FB12069-110F-4736-8C57-61117A91EE20}.Debug|x86.ActiveCfg = Debug|Any CPU
		{8FB12069-110F-4736-8C57-61117A91EE20}.Debug|x86.Build.0 = Debug|Any CPU
		{8FB12069-110F-4736-8C57-61117A91EE20}.Release|Any CPU.ActiveCfg = Release|Any CPU
		{8FB12069-110F-4736-8C57-61117A91EE20}.Release|Any CPU.Build.0 = Release|Any CPU
		{8FB12069-110F-4736-8C57-61117A91EE20}.Release|x64.ActiveCfg = Release|Any CPU
		{8FB12069-110F-4736-8C57-61117A91EE20}.Release|x64.Build.0 = Release|Any CPU
		{8FB12069-110F-4736-8C57-61117A91EE20}.Release|x86.ActiveCfg = Release|Any CPU
		{8FB12069-110F-4736-8C57-61117A91EE20}.Release|x86.Build.0 = Release|Any CPU
		{2F76AB28-4268-4CE0-AD08-C02B13D30DB8}.Debug|Any CPU.ActiveCfg = Debug|Any CPU
		{2F76AB28-4268-4CE0-AD08-C02B13D30DB8}.Debug|Any CPU.Build.0 = Debug|Any CPU
		{2F76AB28-4268-4CE0-AD08-C02B13D30DB8}.Debug|x64.ActiveCfg = Debug|Any CPU
		{2F76AB28-4268-4CE0-AD08-C02B13D30DB8}.Debug|x64.Build.0 = Debug|Any CPU
		{2F76AB28-4268-4CE0-AD08-C02B13D30DB8}.Debug|x86.ActiveCfg = Debug|Any CPU
		{2F76AB28-4268-4CE0-AD08-C02B13D30DB8}.Debug|x86.Build.0 = Debug|Any CPU
		{2F76AB28-4268-4CE0-AD08-C02B13D30DB8}.Release|Any CPU.ActiveCfg = Release|Any CPU
		{2F76AB28-4268-4CE0-AD08-C02B13D30DB8}.Release|Any CPU.Build.0 = Release|Any CPU
		{2F76AB28-4268-4CE0-AD08-C02B13D30DB8}.Release|x64.ActiveCfg = Release|Any CPU
		{2F76AB28-4268-4CE0-AD08-C02B13D30DB8}.Release|x64.Build.0 = Release|Any CPU
		{2F76AB28-4268-4CE0-AD08-C02B13D30DB8}.Release|x86.ActiveCfg = Release|Any CPU
		{2F76AB28-4268-4CE0-AD08-C02B13D30DB8}.Release|x86.Build.0 = Release|Any CPU
		{F4C36BE2-EC8B-4F86-A18D-DE0D11F5A746}.Debug|Any CPU.ActiveCfg = Debug|Any CPU
		{F4C36BE2-EC8B-4F86-A18D-DE0D11F5A746}.Debug|Any CPU.Build.0 = Debug|Any CPU
		{F4C36BE2-EC8B-4F86-A18D-DE0D11F5A746}.Debug|x64.ActiveCfg = Debug|Any CPU
		{F4C36BE2-EC8B-4F86-A18D-DE0D11F5A746}.Debug|x64.Build.0 = Debug|Any CPU
		{F4C36BE2-EC8B-4F86-A18D-DE0D11F5A746}.Debug|x86.ActiveCfg = Debug|Any CPU
		{F4C36BE2-EC8B-4F86-A18D-DE0D11F5A746}.Debug|x86.Build.0 = Debug|Any CPU
		{F4C36BE2-EC8B-4F86-A18D-DE0D11F5A746}.Release|Any CPU.ActiveCfg = Release|Any CPU
		{F4C36BE2-EC8B-4F86-A18D-DE0D11F5A746}.Release|Any CPU.Build.0 = Release|Any CPU
		{F4C36BE2-EC8B-4F86-A18D-DE0D11F5A746}.Release|x64.ActiveCfg = Release|Any CPU
		{F4C36BE2-EC8B-4F86-A18D-DE0D11F5A746}.Release|x64.Build.0 = Release|Any CPU
		{F4C36BE2-EC8B-4F86-A18D-DE0D11F5A746}.Release|x86.ActiveCfg = Release|Any CPU
		{F4C36BE2-EC8B-4F86-A18D-DE0D11F5A746}.Release|x86.Build.0 = Release|Any CPU
		{18387BC1-2264-451B-B673-00DFDA049808}.Debug|Any CPU.ActiveCfg = Debug|Any CPU
		{18387BC1-2264-451B-B673-00DFDA049808}.Debug|Any CPU.Build.0 = Debug|Any CPU
		{18387BC1-2264-451B-B673-00DFDA049808}.Debug|x64.ActiveCfg = Debug|Any CPU
		{18387BC1-2264-451B-B673-00DFDA049808}.Debug|x64.Build.0 = Debug|Any CPU
		{18387BC1-2264-451B-B673-00DFDA049808}.Debug|x86.ActiveCfg = Debug|Any CPU
		{18387BC1-2264-451B-B673-00DFDA049808}.Debug|x86.Build.0 = Debug|Any CPU
		{18387BC1-2264-451B-B673-00DFDA049808}.Release|Any CPU.ActiveCfg = Release|Any CPU
		{18387BC1-2264-451B-B673-00DFDA049808}.Release|Any CPU.Build.0 = Release|Any CPU
		{18387BC1-2264-451B-B673-00DFDA049808}.Release|x64.ActiveCfg = Release|Any CPU
		{18387BC1-2264-451B-B673-00DFDA049808}.Release|x64.Build.0 = Release|Any CPU
		{18387BC1-2264-451B-B673-00DFDA049808}.Release|x86.ActiveCfg = Release|Any CPU
		{18387BC1-2264-451B-B673-00DFDA049808}.Release|x86.Build.0 = Release|Any CPU
		{4ECA915D-400F-402D-9E82-AD35226E5D10}.Debug|Any CPU.ActiveCfg = Debug|Any CPU
		{4ECA915D-400F-402D-9E82-AD35226E5D10}.Debug|Any CPU.Build.0 = Debug|Any CPU
		{4ECA915D-400F-402D-9E82-AD35226E5D10}.Debug|x64.ActiveCfg = Debug|Any CPU
		{4ECA915D-400F-402D-9E82-AD35226E5D10}.Debug|x64.Build.0 = Debug|Any CPU
		{4ECA915D-400F-402D-9E82-AD35226E5D10}.Debug|x86.ActiveCfg = Debug|Any CPU
		{4ECA915D-400F-402D-9E82-AD35226E5D10}.Debug|x86.Build.0 = Debug|Any CPU
		{4ECA915D-400F-402D-9E82-AD35226E5D10}.Release|Any CPU.ActiveCfg = Release|Any CPU
		{4ECA915D-400F-402D-9E82-AD35226E5D10}.Release|Any CPU.Build.0 = Release|Any CPU
		{4ECA915D-400F-402D-9E82-AD35226E5D10}.Release|x64.ActiveCfg = Release|Any CPU
		{4ECA915D-400F-402D-9E82-AD35226E5D10}.Release|x64.Build.0 = Release|Any CPU
		{4ECA915D-400F-402D-9E82-AD35226E5D10}.Release|x86.ActiveCfg = Release|Any CPU
		{4ECA915D-400F-402D-9E82-AD35226E5D10}.Release|x86.Build.0 = Release|Any CPU
		{6003FB70-4B17-4528-8CEC-5AF0C79C9398}.Debug|Any CPU.ActiveCfg = Debug|Any CPU
		{6003FB70-4B17-4528-8CEC-5AF0C79C9398}.Debug|Any CPU.Build.0 = Debug|Any CPU
		{6003FB70-4B17-4528-8CEC-5AF0C79C9398}.Debug|x64.ActiveCfg = Debug|Any CPU
		{6003FB70-4B17-4528-8CEC-5AF0C79C9398}.Debug|x64.Build.0 = Debug|Any CPU
		{6003FB70-4B17-4528-8CEC-5AF0C79C9398}.Debug|x86.ActiveCfg = Debug|Any CPU
		{6003FB70-4B17-4528-8CEC-5AF0C79C9398}.Debug|x86.Build.0 = Debug|Any CPU
		{6003FB70-4B17-4528-8CEC-5AF0C79C9398}.Release|Any CPU.ActiveCfg = Release|Any CPU
		{6003FB70-4B17-4528-8CEC-5AF0C79C9398}.Release|Any CPU.Build.0 = Release|Any CPU
		{6003FB70-4B17-4528-8CEC-5AF0C79C9398}.Release|x64.ActiveCfg = Release|Any CPU
		{6003FB70-4B17-4528-8CEC-5AF0C79C9398}.Release|x64.Build.0 = Release|Any CPU
		{6003FB70-4B17-4528-8CEC-5AF0C79C9398}.Release|x86.ActiveCfg = Release|Any CPU
		{6003FB70-4B17-4528-8CEC-5AF0C79C9398}.Release|x86.Build.0 = Release|Any CPU
		{5BAAD8BD-FE25-4C40-9B91-A59FFB968A23}.Debug|Any CPU.ActiveCfg = Debug|Any CPU
		{5BAAD8BD-FE25-4C40-9B91-A59FFB968A23}.Debug|Any CPU.Build.0 = Debug|Any CPU
		{5BAAD8BD-FE25-4C40-9B91-A59FFB968A23}.Debug|x64.ActiveCfg = Debug|Any CPU
		{5BAAD8BD-FE25-4C40-9B91-A59FFB968A23}.Debug|x64.Build.0 = Debug|Any CPU
		{5BAAD8BD-FE25-4C40-9B91-A59FFB968A23}.Debug|x86.ActiveCfg = Debug|Any CPU
		{5BAAD8BD-FE25-4C40-9B91-A59FFB968A23}.Debug|x86.Build.0 = Debug|Any CPU
		{5BAAD8BD-FE25-4C40-9B91-A59FFB968A23}.Release|Any CPU.ActiveCfg = Release|Any CPU
		{5BAAD8BD-FE25-4C40-9B91-A59FFB968A23}.Release|Any CPU.Build.0 = Release|Any CPU
		{5BAAD8BD-FE25-4C40-9B91-A59FFB968A23}.Release|x64.ActiveCfg = Release|Any CPU
		{5BAAD8BD-FE25-4C40-9B91-A59FFB968A23}.Release|x64.Build.0 = Release|Any CPU
		{5BAAD8BD-FE25-4C40-9B91-A59FFB968A23}.Release|x86.ActiveCfg = Release|Any CPU
		{5BAAD8BD-FE25-4C40-9B91-A59FFB968A23}.Release|x86.Build.0 = Release|Any CPU
		{0EF7B38D-F3D3-4F60-98D1-E1E18491FD0E}.Debug|Any CPU.ActiveCfg = Debug|Any CPU
		{0EF7B38D-F3D3-4F60-98D1-E1E18491FD0E}.Debug|Any CPU.Build.0 = Debug|Any CPU
		{0EF7B38D-F3D3-4F60-98D1-E1E18491FD0E}.Debug|x64.ActiveCfg = Debug|Any CPU
		{0EF7B38D-F3D3-4F60-98D1-E1E18491FD0E}.Debug|x64.Build.0 = Debug|Any CPU
		{0EF7B38D-F3D3-4F60-98D1-E1E18491FD0E}.Debug|x86.ActiveCfg = Debug|Any CPU
		{0EF7B38D-F3D3-4F60-98D1-E1E18491FD0E}.Debug|x86.Build.0 = Debug|Any CPU
		{0EF7B38D-F3D3-4F60-98D1-E1E18491FD0E}.Release|Any CPU.ActiveCfg = Release|Any CPU
		{0EF7B38D-F3D3-4F60-98D1-E1E18491FD0E}.Release|Any CPU.Build.0 = Release|Any CPU
		{0EF7B38D-F3D3-4F60-98D1-E1E18491FD0E}.Release|x64.ActiveCfg = Release|Any CPU
		{0EF7B38D-F3D3-4F60-98D1-E1E18491FD0E}.Release|x64.Build.0 = Release|Any CPU
		{0EF7B38D-F3D3-4F60-98D1-E1E18491FD0E}.Release|x86.ActiveCfg = Release|Any CPU
		{0EF7B38D-F3D3-4F60-98D1-E1E18491FD0E}.Release|x86.Build.0 = Release|Any CPU
		{952193E0-0A9A-4CE8-8EAF-85E636B3FB83}.Debug|Any CPU.ActiveCfg = Debug|Any CPU
		{952193E0-0A9A-4CE8-8EAF-85E636B3FB83}.Debug|Any CPU.Build.0 = Debug|Any CPU
		{952193E0-0A9A-4CE8-8EAF-85E636B3FB83}.Debug|x64.ActiveCfg = Debug|Any CPU
		{952193E0-0A9A-4CE8-8EAF-85E636B3FB83}.Debug|x64.Build.0 = Debug|Any CPU
		{952193E0-0A9A-4CE8-8EAF-85E636B3FB83}.Debug|x86.ActiveCfg = Debug|Any CPU
		{952193E0-0A9A-4CE8-8EAF-85E636B3FB83}.Debug|x86.Build.0 = Debug|Any CPU
		{952193E0-0A9A-4CE8-8EAF-85E636B3FB83}.Release|Any CPU.ActiveCfg = Release|Any CPU
		{952193E0-0A9A-4CE8-8EAF-85E636B3FB83}.Release|Any CPU.Build.0 = Release|Any CPU
		{952193E0-0A9A-4CE8-8EAF-85E636B3FB83}.Release|x64.ActiveCfg = Release|Any CPU
		{952193E0-0A9A-4CE8-8EAF-85E636B3FB83}.Release|x64.Build.0 = Release|Any CPU
		{952193E0-0A9A-4CE8-8EAF-85E636B3FB83}.Release|x86.ActiveCfg = Release|Any CPU
		{952193E0-0A9A-4CE8-8EAF-85E636B3FB83}.Release|x86.Build.0 = Release|Any CPU
		{538B2223-75A0-4AB5-B3EB-0A998AC3D29B}.Debug|Any CPU.ActiveCfg = Debug|Any CPU
		{538B2223-75A0-4AB5-B3EB-0A998AC3D29B}.Debug|Any CPU.Build.0 = Debug|Any CPU
		{538B2223-75A0-4AB5-B3EB-0A998AC3D29B}.Debug|x64.ActiveCfg = Debug|Any CPU
		{538B2223-75A0-4AB5-B3EB-0A998AC3D29B}.Debug|x64.Build.0 = Debug|Any CPU
		{538B2223-75A0-4AB5-B3EB-0A998AC3D29B}.Debug|x86.ActiveCfg = Debug|Any CPU
		{538B2223-75A0-4AB5-B3EB-0A998AC3D29B}.Debug|x86.Build.0 = Debug|Any CPU
		{538B2223-75A0-4AB5-B3EB-0A998AC3D29B}.Release|Any CPU.ActiveCfg = Release|Any CPU
		{538B2223-75A0-4AB5-B3EB-0A998AC3D29B}.Release|Any CPU.Build.0 = Release|Any CPU
		{538B2223-75A0-4AB5-B3EB-0A998AC3D29B}.Release|x64.ActiveCfg = Release|Any CPU
		{538B2223-75A0-4AB5-B3EB-0A998AC3D29B}.Release|x64.Build.0 = Release|Any CPU
		{538B2223-75A0-4AB5-B3EB-0A998AC3D29B}.Release|x86.ActiveCfg = Release|Any CPU
		{538B2223-75A0-4AB5-B3EB-0A998AC3D29B}.Release|x86.Build.0 = Release|Any CPU
		{C27C53F6-B831-4E97-B5B5-AF1B8E8FF78B}.Debug|Any CPU.ActiveCfg = Debug|Any CPU
		{C27C53F6-B831-4E97-B5B5-AF1B8E8FF78B}.Debug|Any CPU.Build.0 = Debug|Any CPU
		{C27C53F6-B831-4E97-B5B5-AF1B8E8FF78B}.Debug|x64.ActiveCfg = Debug|Any CPU
		{C27C53F6-B831-4E97-B5B5-AF1B8E8FF78B}.Debug|x64.Build.0 = Debug|Any CPU
		{C27C53F6-B831-4E97-B5B5-AF1B8E8FF78B}.Debug|x86.ActiveCfg = Debug|Any CPU
		{C27C53F6-B831-4E97-B5B5-AF1B8E8FF78B}.Debug|x86.Build.0 = Debug|Any CPU
		{C27C53F6-B831-4E97-B5B5-AF1B8E8FF78B}.Release|Any CPU.ActiveCfg = Release|Any CPU
		{C27C53F6-B831-4E97-B5B5-AF1B8E8FF78B}.Release|Any CPU.Build.0 = Release|Any CPU
		{C27C53F6-B831-4E97-B5B5-AF1B8E8FF78B}.Release|x64.ActiveCfg = Release|Any CPU
		{C27C53F6-B831-4E97-B5B5-AF1B8E8FF78B}.Release|x64.Build.0 = Release|Any CPU
		{C27C53F6-B831-4E97-B5B5-AF1B8E8FF78B}.Release|x86.ActiveCfg = Release|Any CPU
		{C27C53F6-B831-4E97-B5B5-AF1B8E8FF78B}.Release|x86.Build.0 = Release|Any CPU
		{C8730F24-3FC2-4759-80AD-FEE5BE5F6FEF}.Debug|Any CPU.ActiveCfg = Debug|Any CPU
		{C8730F24-3FC2-4759-80AD-FEE5BE5F6FEF}.Debug|Any CPU.Build.0 = Debug|Any CPU
		{C8730F24-3FC2-4759-80AD-FEE5BE5F6FEF}.Debug|x64.ActiveCfg = Debug|Any CPU
		{C8730F24-3FC2-4759-80AD-FEE5BE5F6FEF}.Debug|x64.Build.0 = Debug|Any CPU
		{C8730F24-3FC2-4759-80AD-FEE5BE5F6FEF}.Debug|x86.ActiveCfg = Debug|Any CPU
		{C8730F24-3FC2-4759-80AD-FEE5BE5F6FEF}.Debug|x86.Build.0 = Debug|Any CPU
		{C8730F24-3FC2-4759-80AD-FEE5BE5F6FEF}.Release|Any CPU.ActiveCfg = Release|Any CPU
		{C8730F24-3FC2-4759-80AD-FEE5BE5F6FEF}.Release|Any CPU.Build.0 = Release|Any CPU
		{C8730F24-3FC2-4759-80AD-FEE5BE5F6FEF}.Release|x64.ActiveCfg = Release|Any CPU
		{C8730F24-3FC2-4759-80AD-FEE5BE5F6FEF}.Release|x64.Build.0 = Release|Any CPU
		{C8730F24-3FC2-4759-80AD-FEE5BE5F6FEF}.Release|x86.ActiveCfg = Release|Any CPU
		{C8730F24-3FC2-4759-80AD-FEE5BE5F6FEF}.Release|x86.Build.0 = Release|Any CPU
		{B45A9D88-A16A-45D5-BA09-45673B31913A}.Debug|Any CPU.ActiveCfg = Debug|Any CPU
		{B45A9D88-A16A-45D5-BA09-45673B31913A}.Debug|Any CPU.Build.0 = Debug|Any CPU
		{B45A9D88-A16A-45D5-BA09-45673B31913A}.Debug|x64.ActiveCfg = Debug|Any CPU
		{B45A9D88-A16A-45D5-BA09-45673B31913A}.Debug|x64.Build.0 = Debug|Any CPU
		{B45A9D88-A16A-45D5-BA09-45673B31913A}.Debug|x86.ActiveCfg = Debug|Any CPU
		{B45A9D88-A16A-45D5-BA09-45673B31913A}.Debug|x86.Build.0 = Debug|Any CPU
		{B45A9D88-A16A-45D5-BA09-45673B31913A}.Release|Any CPU.ActiveCfg = Release|Any CPU
		{B45A9D88-A16A-45D5-BA09-45673B31913A}.Release|Any CPU.Build.0 = Release|Any CPU
		{B45A9D88-A16A-45D5-BA09-45673B31913A}.Release|x64.ActiveCfg = Release|Any CPU
		{B45A9D88-A16A-45D5-BA09-45673B31913A}.Release|x64.Build.0 = Release|Any CPU
		{B45A9D88-A16A-45D5-BA09-45673B31913A}.Release|x86.ActiveCfg = Release|Any CPU
		{B45A9D88-A16A-45D5-BA09-45673B31913A}.Release|x86.Build.0 = Release|Any CPU
		{6BDAF6F9-69F5-45FC-BDC7-AE32993A56C1}.Debug|Any CPU.ActiveCfg = Debug|Any CPU
		{6BDAF6F9-69F5-45FC-BDC7-AE32993A56C1}.Debug|Any CPU.Build.0 = Debug|Any CPU
		{6BDAF6F9-69F5-45FC-BDC7-AE32993A56C1}.Debug|x64.ActiveCfg = Debug|Any CPU
		{6BDAF6F9-69F5-45FC-BDC7-AE32993A56C1}.Debug|x64.Build.0 = Debug|Any CPU
		{6BDAF6F9-69F5-45FC-BDC7-AE32993A56C1}.Debug|x86.ActiveCfg = Debug|Any CPU
		{6BDAF6F9-69F5-45FC-BDC7-AE32993A56C1}.Debug|x86.Build.0 = Debug|Any CPU
		{6BDAF6F9-69F5-45FC-BDC7-AE32993A56C1}.Release|Any CPU.ActiveCfg = Release|Any CPU
		{6BDAF6F9-69F5-45FC-BDC7-AE32993A56C1}.Release|Any CPU.Build.0 = Release|Any CPU
		{6BDAF6F9-69F5-45FC-BDC7-AE32993A56C1}.Release|x64.ActiveCfg = Release|Any CPU
		{6BDAF6F9-69F5-45FC-BDC7-AE32993A56C1}.Release|x64.Build.0 = Release|Any CPU
		{6BDAF6F9-69F5-45FC-BDC7-AE32993A56C1}.Release|x86.ActiveCfg = Release|Any CPU
		{6BDAF6F9-69F5-45FC-BDC7-AE32993A56C1}.Release|x86.Build.0 = Release|Any CPU
		{FC098C76-D0A9-409E-9E66-3A2AF4786F6D}.Debug|Any CPU.ActiveCfg = Debug|Any CPU
		{FC098C76-D0A9-409E-9E66-3A2AF4786F6D}.Debug|Any CPU.Build.0 = Debug|Any CPU
		{FC098C76-D0A9-409E-9E66-3A2AF4786F6D}.Debug|x64.ActiveCfg = Debug|Any CPU
		{FC098C76-D0A9-409E-9E66-3A2AF4786F6D}.Debug|x64.Build.0 = Debug|Any CPU
		{FC098C76-D0A9-409E-9E66-3A2AF4786F6D}.Debug|x86.ActiveCfg = Debug|Any CPU
		{FC098C76-D0A9-409E-9E66-3A2AF4786F6D}.Debug|x86.Build.0 = Debug|Any CPU
		{FC098C76-D0A9-409E-9E66-3A2AF4786F6D}.Release|Any CPU.ActiveCfg = Release|Any CPU
		{FC098C76-D0A9-409E-9E66-3A2AF4786F6D}.Release|Any CPU.Build.0 = Release|Any CPU
		{FC098C76-D0A9-409E-9E66-3A2AF4786F6D}.Release|x64.ActiveCfg = Release|Any CPU
		{FC098C76-D0A9-409E-9E66-3A2AF4786F6D}.Release|x64.Build.0 = Release|Any CPU
		{FC098C76-D0A9-409E-9E66-3A2AF4786F6D}.Release|x86.ActiveCfg = Release|Any CPU
		{FC098C76-D0A9-409E-9E66-3A2AF4786F6D}.Release|x86.Build.0 = Release|Any CPU
		{844E1866-46D8-4A56-A79B-C3C96CC18F5D}.Debug|Any CPU.ActiveCfg = Debug|Any CPU
		{844E1866-46D8-4A56-A79B-C3C96CC18F5D}.Debug|Any CPU.Build.0 = Debug|Any CPU
		{844E1866-46D8-4A56-A79B-C3C96CC18F5D}.Debug|x64.ActiveCfg = Debug|Any CPU
		{844E1866-46D8-4A56-A79B-C3C96CC18F5D}.Debug|x64.Build.0 = Debug|Any CPU
		{844E1866-46D8-4A56-A79B-C3C96CC18F5D}.Debug|x86.ActiveCfg = Debug|Any CPU
		{844E1866-46D8-4A56-A79B-C3C96CC18F5D}.Debug|x86.Build.0 = Debug|Any CPU
		{844E1866-46D8-4A56-A79B-C3C96CC18F5D}.Release|Any CPU.ActiveCfg = Release|Any CPU
		{844E1866-46D8-4A56-A79B-C3C96CC18F5D}.Release|Any CPU.Build.0 = Release|Any CPU
		{844E1866-46D8-4A56-A79B-C3C96CC18F5D}.Release|x64.ActiveCfg = Release|Any CPU
		{844E1866-46D8-4A56-A79B-C3C96CC18F5D}.Release|x64.Build.0 = Release|Any CPU
		{844E1866-46D8-4A56-A79B-C3C96CC18F5D}.Release|x86.ActiveCfg = Release|Any CPU
		{844E1866-46D8-4A56-A79B-C3C96CC18F5D}.Release|x86.Build.0 = Release|Any CPU
	EndGlobalSection
	GlobalSection(SolutionProperties) = preSolution
		HideSolutionNode = FALSE
	EndGlobalSection
	GlobalSection(ExtensibilityGlobals) = postSolution
		SolutionGuid = {40BD778E-C4F3-4029-9100-C3025212E8BF}
	EndGlobalSection
EndGlobal
