
Microsoft Visual Studio Solution File, Format Version 12.00
# Visual Studio Version 17
VisualStudioVersion = 17.4.33213.308
MinimumVisualStudioVersion = 10.0.40219.1
Project("{9A19103F-16F7-4668-BE54-9A1E7A4F7556}") = "01_intro", "01_intro\01_intro.csproj", "{00CBA78F-DA56-4D79-BAB2-5518619FF4EB}"
EndProject
Project("{9A19103F-16F7-4668-BE54-9A1E7A4F7556}") = "02_ref_out _ parametrs", "02_Array _ one dym\02_ref_out _ parametrs.csproj", "{776B82BC-1E0B-48FB-BCAA-C1E22E2EB611}"
EndProject
Project("{9A19103F-16F7-4668-BE54-9A1E7A4F7556}") = "03_Array_one dym", "03_Array_one dym\03_Array_one dym.csproj", "{61808775-8EA7-4556-9677-46B9746BEACA}"
EndProject
Project("{9A19103F-16F7-4668-BE54-9A1E7A4F7556}") = "03_helper_home", "03_helper_home\03_helper_home.csproj", "{7F175BF4-B4DE-4504-9E70-2B8F3123935F}"
EndProject
Project("{9A19103F-16F7-4668-BE54-9A1E7A4F7556}") = "04_array two dym", "04_array two dym\04_array two dym.csproj", "{AD9ADB19-1CAF-4203-BFD2-B26AA2C2DE80}"
EndProject
Project("{9A19103F-16F7-4668-BE54-9A1E7A4F7556}") = "05_String", "05_String\05_String.csproj", "{167C322A-2E73-4A54-855C-C0267F5F297D}"
EndProject
Project("{9A19103F-16F7-4668-BE54-9A1E7A4F7556}") = "06_Class__intro", "06_Class__intro\06_Class__intro.csproj", "{FE14F97C-3E7E-476D-97E5-424CF210A381}"
EndProject
Project("{9A19103F-16F7-4668-BE54-9A1E7A4F7556}") = "07_Static_class_fields_methods", "07_Static_class_fields_methods\07_Static_class_fields_methods.csproj", "{1D04EC1A-870D-40CF-BED4-FFF245C92CB4}"
EndProject
Project("{9A19103F-16F7-4668-BE54-9A1E7A4F7556}") = "08_Null__operator", "08_Null__operator\08_Null__operator.csproj", "{FEA4D516-4796-45E4-8DB1-FECBC632AF11}"
EndProject
Project("{9A19103F-16F7-4668-BE54-9A1E7A4F7556}") = "09_Overload__operators", "09_Overload__operators\09_Overload__operators.csproj", "{AEC16765-9677-45DA-BC3B-F0A45CEB4FFF}"
EndProject
Project("{FAE04EC0-301F-11D3-BF4B-00C04F79EFBC}") = "09_Overload Vecto_ helper home", "09_Overload Vecto_ helper home\09_Overload Vecto_ helper home.csproj", "{70ED2EDD-DC8C-4466-ABD1-B5A371929C4D}"
EndProject
Project("{FAE04EC0-301F-11D3-BF4B-00C04F79EFBC}") = "10_Matrix_indexer", "10_Matrix_indexer\10_Matrix_indexer.csproj", "{6B8FD55D-2D83-41E7-AA21-25BCAB55EDB5}"
EndProject
Project("{FAE04EC0-301F-11D3-BF4B-00C04F79EFBC}") = "11_Exception", "11_Exception\11_Exception.csproj", "{2D8CF4A9-0BA4-46DA-92B7-6E7CCB1DDF0B}"
EndProject
Global
	GlobalSection(SolutionConfigurationPlatforms) = preSolution
		Debug|Any CPU = Debug|Any CPU
		Debug|x64 = Debug|x64
		Debug|x86 = Debug|x86
		Release|Any CPU = Release|Any CPU
		Release|x64 = Release|x64
		Release|x86 = Release|x86
	EndGlobalSection
	GlobalSection(ProjectConfigurationPlatforms) = postSolution
		{00CBA78F-DA56-4D79-BAB2-5518619FF4EB}.Debug|Any CPU.ActiveCfg = Debug|Any CPU
		{00CBA78F-DA56-4D79-BAB2-5518619FF4EB}.Debug|Any CPU.Build.0 = Debug|Any CPU
		{00CBA78F-DA56-4D79-BAB2-5518619FF4EB}.Debug|x64.ActiveCfg = Debug|Any CPU
		{00CBA78F-DA56-4D79-BAB2-5518619FF4EB}.Debug|x64.Build.0 = Debug|Any CPU
		{00CBA78F-DA56-4D79-BAB2-5518619FF4EB}.Debug|x86.ActiveCfg = Debug|Any CPU
		{00CBA78F-DA56-4D79-BAB2-5518619FF4EB}.Debug|x86.Build.0 = Debug|Any CPU
		{00CBA78F-DA56-4D79-BAB2-5518619FF4EB}.Release|Any CPU.ActiveCfg = Release|Any CPU
		{00CBA78F-DA56-4D79-BAB2-5518619FF4EB}.Release|Any CPU.Build.0 = Release|Any CPU
		{00CBA78F-DA56-4D79-BAB2-5518619FF4EB}.Release|x64.ActiveCfg = Release|Any CPU
		{00CBA78F-DA56-4D79-BAB2-5518619FF4EB}.Release|x64.Build.0 = Release|Any CPU
		{00CBA78F-DA56-4D79-BAB2-5518619FF4EB}.Release|x86.ActiveCfg = Release|Any CPU
		{00CBA78F-DA56-4D79-BAB2-5518619FF4EB}.Release|x86.Build.0 = Release|Any CPU
		{776B82BC-1E0B-48FB-BCAA-C1E22E2EB611}.Debug|Any CPU.ActiveCfg = Debug|Any CPU
		{776B82BC-1E0B-48FB-BCAA-C1E22E2EB611}.Debug|Any CPU.Build.0 = Debug|Any CPU
		{776B82BC-1E0B-48FB-BCAA-C1E22E2EB611}.Debug|x64.ActiveCfg = Debug|Any CPU
		{776B82BC-1E0B-48FB-BCAA-C1E22E2EB611}.Debug|x64.Build.0 = Debug|Any CPU
		{776B82BC-1E0B-48FB-BCAA-C1E22E2EB611}.Debug|x86.ActiveCfg = Debug|Any CPU
		{776B82BC-1E0B-48FB-BCAA-C1E22E2EB611}.Debug|x86.Build.0 = Debug|Any CPU
		{776B82BC-1E0B-48FB-BCAA-C1E22E2EB611}.Release|Any CPU.ActiveCfg = Release|Any CPU
		{776B82BC-1E0B-48FB-BCAA-C1E22E2EB611}.Release|Any CPU.Build.0 = Release|Any CPU
		{776B82BC-1E0B-48FB-BCAA-C1E22E2EB611}.Release|x64.ActiveCfg = Release|Any CPU
		{776B82BC-1E0B-48FB-BCAA-C1E22E2EB611}.Release|x64.Build.0 = Release|Any CPU
		{776B82BC-1E0B-48FB-BCAA-C1E22E2EB611}.Release|x86.ActiveCfg = Release|Any CPU
		{776B82BC-1E0B-48FB-BCAA-C1E22E2EB611}.Release|x86.Build.0 = Release|Any CPU
		{61808775-8EA7-4556-9677-46B9746BEACA}.Debug|Any CPU.ActiveCfg = Debug|Any CPU
		{61808775-8EA7-4556-9677-46B9746BEACA}.Debug|Any CPU.Build.0 = Debug|Any CPU
		{61808775-8EA7-4556-9677-46B9746BEACA}.Debug|x64.ActiveCfg = Debug|Any CPU
		{61808775-8EA7-4556-9677-46B9746BEACA}.Debug|x64.Build.0 = Debug|Any CPU
		{61808775-8EA7-4556-9677-46B9746BEACA}.Debug|x86.ActiveCfg = Debug|Any CPU
		{61808775-8EA7-4556-9677-46B9746BEACA}.Debug|x86.Build.0 = Debug|Any CPU
		{61808775-8EA7-4556-9677-46B9746BEACA}.Release|Any CPU.ActiveCfg = Release|Any CPU
		{61808775-8EA7-4556-9677-46B9746BEACA}.Release|Any CPU.Build.0 = Release|Any CPU
		{61808775-8EA7-4556-9677-46B9746BEACA}.Release|x64.ActiveCfg = Release|Any CPU
		{61808775-8EA7-4556-9677-46B9746BEACA}.Release|x64.Build.0 = Release|Any CPU
		{61808775-8EA7-4556-9677-46B9746BEACA}.Release|x86.ActiveCfg = Release|Any CPU
		{61808775-8EA7-4556-9677-46B9746BEACA}.Release|x86.Build.0 = Release|Any CPU
		{7F175BF4-B4DE-4504-9E70-2B8F3123935F}.Debug|Any CPU.ActiveCfg = Debug|Any CPU
		{7F175BF4-B4DE-4504-9E70-2B8F3123935F}.Debug|Any CPU.Build.0 = Debug|Any CPU
		{7F175BF4-B4DE-4504-9E70-2B8F3123935F}.Debug|x64.ActiveCfg = Debug|Any CPU
		{7F175BF4-B4DE-4504-9E70-2B8F3123935F}.Debug|x64.Build.0 = Debug|Any CPU
		{7F175BF4-B4DE-4504-9E70-2B8F3123935F}.Debug|x86.ActiveCfg = Debug|Any CPU
		{7F175BF4-B4DE-4504-9E70-2B8F3123935F}.Debug|x86.Build.0 = Debug|Any CPU
		{7F175BF4-B4DE-4504-9E70-2B8F3123935F}.Release|Any CPU.ActiveCfg = Release|Any CPU
		{7F175BF4-B4DE-4504-9E70-2B8F3123935F}.Release|Any CPU.Build.0 = Release|Any CPU
		{7F175BF4-B4DE-4504-9E70-2B8F3123935F}.Release|x64.ActiveCfg = Release|Any CPU
		{7F175BF4-B4DE-4504-9E70-2B8F3123935F}.Release|x64.Build.0 = Release|Any CPU
		{7F175BF4-B4DE-4504-9E70-2B8F3123935F}.Release|x86.ActiveCfg = Release|Any CPU
		{7F175BF4-B4DE-4504-9E70-2B8F3123935F}.Release|x86.Build.0 = Release|Any CPU
		{AD9ADB19-1CAF-4203-BFD2-B26AA2C2DE80}.Debug|Any CPU.ActiveCfg = Debug|Any CPU
		{AD9ADB19-1CAF-4203-BFD2-B26AA2C2DE80}.Debug|Any CPU.Build.0 = Debug|Any CPU
		{AD9ADB19-1CAF-4203-BFD2-B26AA2C2DE80}.Debug|x64.ActiveCfg = Debug|Any CPU
		{AD9ADB19-1CAF-4203-BFD2-B26AA2C2DE80}.Debug|x64.Build.0 = Debug|Any CPU
		{AD9ADB19-1CAF-4203-BFD2-B26AA2C2DE80}.Debug|x86.ActiveCfg = Debug|Any CPU
		{AD9ADB19-1CAF-4203-BFD2-B26AA2C2DE80}.Debug|x86.Build.0 = Debug|Any CPU
		{AD9ADB19-1CAF-4203-BFD2-B26AA2C2DE80}.Release|Any CPU.ActiveCfg = Release|Any CPU
		{AD9ADB19-1CAF-4203-BFD2-B26AA2C2DE80}.Release|Any CPU.Build.0 = Release|Any CPU
		{AD9ADB19-1CAF-4203-BFD2-B26AA2C2DE80}.Release|x64.ActiveCfg = Release|Any CPU
		{AD9ADB19-1CAF-4203-BFD2-B26AA2C2DE80}.Release|x64.Build.0 = Release|Any CPU
		{AD9ADB19-1CAF-4203-BFD2-B26AA2C2DE80}.Release|x86.ActiveCfg = Release|Any CPU
		{AD9ADB19-1CAF-4203-BFD2-B26AA2C2DE80}.Release|x86.Build.0 = Release|Any CPU
		{167C322A-2E73-4A54-855C-C0267F5F297D}.Debug|Any CPU.ActiveCfg = Debug|Any CPU
		{167C322A-2E73-4A54-855C-C0267F5F297D}.Debug|Any CPU.Build.0 = Debug|Any CPU
		{167C322A-2E73-4A54-855C-C0267F5F297D}.Debug|x64.ActiveCfg = Debug|Any CPU
		{167C322A-2E73-4A54-855C-C0267F5F297D}.Debug|x64.Build.0 = Debug|Any CPU
		{167C322A-2E73-4A54-855C-C0267F5F297D}.Debug|x86.ActiveCfg = Debug|Any CPU
		{167C322A-2E73-4A54-855C-C0267F5F297D}.Debug|x86.Build.0 = Debug|Any CPU
		{167C322A-2E73-4A54-855C-C0267F5F297D}.Release|Any CPU.ActiveCfg = Release|Any CPU
		{167C322A-2E73-4A54-855C-C0267F5F297D}.Release|Any CPU.Build.0 = Release|Any CPU
		{167C322A-2E73-4A54-855C-C0267F5F297D}.Release|x64.ActiveCfg = Release|Any CPU
		{167C322A-2E73-4A54-855C-C0267F5F297D}.Release|x64.Build.0 = Release|Any CPU
		{167C322A-2E73-4A54-855C-C0267F5F297D}.Release|x86.ActiveCfg = Release|Any CPU
		{167C322A-2E73-4A54-855C-C0267F5F297D}.Release|x86.Build.0 = Release|Any CPU
		{FE14F97C-3E7E-476D-97E5-424CF210A381}.Debug|Any CPU.ActiveCfg = Debug|Any CPU
		{FE14F97C-3E7E-476D-97E5-424CF210A381}.Debug|Any CPU.Build.0 = Debug|Any CPU
		{FE14F97C-3E7E-476D-97E5-424CF210A381}.Debug|x64.ActiveCfg = Debug|Any CPU
		{FE14F97C-3E7E-476D-97E5-424CF210A381}.Debug|x64.Build.0 = Debug|Any CPU
		{FE14F97C-3E7E-476D-97E5-424CF210A381}.Debug|x86.ActiveCfg = Debug|Any CPU
		{FE14F97C-3E7E-476D-97E5-424CF210A381}.Debug|x86.Build.0 = Debug|Any CPU
		{FE14F97C-3E7E-476D-97E5-424CF210A381}.Release|Any CPU.ActiveCfg = Release|Any CPU
		{FE14F97C-3E7E-476D-97E5-424CF210A381}.Release|Any CPU.Build.0 = Release|Any CPU
		{FE14F97C-3E7E-476D-97E5-424CF210A381}.Release|x64.ActiveCfg = Release|Any CPU
		{FE14F97C-3E7E-476D-97E5-424CF210A381}.Release|x64.Build.0 = Release|Any CPU
		{FE14F97C-3E7E-476D-97E5-424CF210A381}.Release|x86.ActiveCfg = Release|Any CPU
		{FE14F97C-3E7E-476D-97E5-424CF210A381}.Release|x86.Build.0 = Release|Any CPU
		{1D04EC1A-870D-40CF-BED4-FFF245C92CB4}.Debug|Any CPU.ActiveCfg = Debug|Any CPU
		{1D04EC1A-870D-40CF-BED4-FFF245C92CB4}.Debug|Any CPU.Build.0 = Debug|Any CPU
		{1D04EC1A-870D-40CF-BED4-FFF245C92CB4}.Debug|x64.ActiveCfg = Debug|Any CPU
		{1D04EC1A-870D-40CF-BED4-FFF245C92CB4}.Debug|x64.Build.0 = Debug|Any CPU
		{1D04EC1A-870D-40CF-BED4-FFF245C92CB4}.Debug|x86.ActiveCfg = Debug|Any CPU
		{1D04EC1A-870D-40CF-BED4-FFF245C92CB4}.Debug|x86.Build.0 = Debug|Any CPU
		{1D04EC1A-870D-40CF-BED4-FFF245C92CB4}.Release|Any CPU.ActiveCfg = Release|Any CPU
		{1D04EC1A-870D-40CF-BED4-FFF245C92CB4}.Release|Any CPU.Build.0 = Release|Any CPU
		{1D04EC1A-870D-40CF-BED4-FFF245C92CB4}.Release|x64.ActiveCfg = Release|Any CPU
		{1D04EC1A-870D-40CF-BED4-FFF245C92CB4}.Release|x64.Build.0 = Release|Any CPU
		{1D04EC1A-870D-40CF-BED4-FFF245C92CB4}.Release|x86.ActiveCfg = Release|Any CPU
		{1D04EC1A-870D-40CF-BED4-FFF245C92CB4}.Release|x86.Build.0 = Release|Any CPU
		{FEA4D516-4796-45E4-8DB1-FECBC632AF11}.Debug|Any CPU.ActiveCfg = Debug|Any CPU
		{FEA4D516-4796-45E4-8DB1-FECBC632AF11}.Debug|Any CPU.Build.0 = Debug|Any CPU
		{FEA4D516-4796-45E4-8DB1-FECBC632AF11}.Debug|x64.ActiveCfg = Debug|Any CPU
		{FEA4D516-4796-45E4-8DB1-FECBC632AF11}.Debug|x64.Build.0 = Debug|Any CPU
		{FEA4D516-4796-45E4-8DB1-FECBC632AF11}.Debug|x86.ActiveCfg = Debug|Any CPU
		{FEA4D516-4796-45E4-8DB1-FECBC632AF11}.Debug|x86.Build.0 = Debug|Any CPU
		{FEA4D516-4796-45E4-8DB1-FECBC632AF11}.Release|Any CPU.ActiveCfg = Release|Any CPU
		{FEA4D516-4796-45E4-8DB1-FECBC632AF11}.Release|Any CPU.Build.0 = Release|Any CPU
		{FEA4D516-4796-45E4-8DB1-FECBC632AF11}.Release|x64.ActiveCfg = Release|Any CPU
		{FEA4D516-4796-45E4-8DB1-FECBC632AF11}.Release|x64.Build.0 = Release|Any CPU
		{FEA4D516-4796-45E4-8DB1-FECBC632AF11}.Release|x86.ActiveCfg = Release|Any CPU
		{FEA4D516-4796-45E4-8DB1-FECBC632AF11}.Release|x86.Build.0 = Release|Any CPU
		{AEC16765-9677-45DA-BC3B-F0A45CEB4FFF}.Debug|Any CPU.ActiveCfg = Debug|Any CPU
		{AEC16765-9677-45DA-BC3B-F0A45CEB4FFF}.Debug|Any CPU.Build.0 = Debug|Any CPU
		{AEC16765-9677-45DA-BC3B-F0A45CEB4FFF}.Debug|x64.ActiveCfg = Debug|Any CPU
		{AEC16765-9677-45DA-BC3B-F0A45CEB4FFF}.Debug|x64.Build.0 = Debug|Any CPU
		{AEC16765-9677-45DA-BC3B-F0A45CEB4FFF}.Debug|x86.ActiveCfg = Debug|Any CPU
		{AEC16765-9677-45DA-BC3B-F0A45CEB4FFF}.Debug|x86.Build.0 = Debug|Any CPU
		{AEC16765-9677-45DA-BC3B-F0A45CEB4FFF}.Release|Any CPU.ActiveCfg = Release|Any CPU
		{AEC16765-9677-45DA-BC3B-F0A45CEB4FFF}.Release|Any CPU.Build.0 = Release|Any CPU
		{AEC16765-9677-45DA-BC3B-F0A45CEB4FFF}.Release|x64.ActiveCfg = Release|Any CPU
		{AEC16765-9677-45DA-BC3B-F0A45CEB4FFF}.Release|x64.Build.0 = Release|Any CPU
		{AEC16765-9677-45DA-BC3B-F0A45CEB4FFF}.Release|x86.ActiveCfg = Release|Any CPU
		{AEC16765-9677-45DA-BC3B-F0A45CEB4FFF}.Release|x86.Build.0 = Release|Any CPU
		{70ED2EDD-DC8C-4466-ABD1-B5A371929C4D}.Debug|Any CPU.ActiveCfg = Debug|Any CPU
		{70ED2EDD-DC8C-4466-ABD1-B5A371929C4D}.Debug|Any CPU.Build.0 = Debug|Any CPU
		{70ED2EDD-DC8C-4466-ABD1-B5A371929C4D}.Debug|x64.ActiveCfg = Debug|Any CPU
		{70ED2EDD-DC8C-4466-ABD1-B5A371929C4D}.Debug|x64.Build.0 = Debug|Any CPU
		{70ED2EDD-DC8C-4466-ABD1-B5A371929C4D}.Debug|x86.ActiveCfg = Debug|Any CPU
		{70ED2EDD-DC8C-4466-ABD1-B5A371929C4D}.Debug|x86.Build.0 = Debug|Any CPU
		{70ED2EDD-DC8C-4466-ABD1-B5A371929C4D}.Release|Any CPU.ActiveCfg = Release|Any CPU
		{70ED2EDD-DC8C-4466-ABD1-B5A371929C4D}.Release|Any CPU.Build.0 = Release|Any CPU
		{70ED2EDD-DC8C-4466-ABD1-B5A371929C4D}.Release|x64.ActiveCfg = Release|Any CPU
		{70ED2EDD-DC8C-4466-ABD1-B5A371929C4D}.Release|x64.Build.0 = Release|Any CPU
		{70ED2EDD-DC8C-4466-ABD1-B5A371929C4D}.Release|x86.ActiveCfg = Release|Any CPU
		{70ED2EDD-DC8C-4466-ABD1-B5A371929C4D}.Release|x86.Build.0 = Release|Any CPU
		{6B8FD55D-2D83-41E7-AA21-25BCAB55EDB5}.Debug|Any CPU.ActiveCfg = Debug|Any CPU
		{6B8FD55D-2D83-41E7-AA21-25BCAB55EDB5}.Debug|Any CPU.Build.0 = Debug|Any CPU
		{6B8FD55D-2D83-41E7-AA21-25BCAB55EDB5}.Debug|x64.ActiveCfg = Debug|Any CPU
		{6B8FD55D-2D83-41E7-AA21-25BCAB55EDB5}.Debug|x64.Build.0 = Debug|Any CPU
		{6B8FD55D-2D83-41E7-AA21-25BCAB55EDB5}.Debug|x86.ActiveCfg = Debug|Any CPU
		{6B8FD55D-2D83-41E7-AA21-25BCAB55EDB5}.Debug|x86.Build.0 = Debug|Any CPU
		{6B8FD55D-2D83-41E7-AA21-25BCAB55EDB5}.Release|Any CPU.ActiveCfg = Release|Any CPU
		{6B8FD55D-2D83-41E7-AA21-25BCAB55EDB5}.Release|Any CPU.Build.0 = Release|Any CPU
		{6B8FD55D-2D83-41E7-AA21-25BCAB55EDB5}.Release|x64.ActiveCfg = Release|Any CPU
		{6B8FD55D-2D83-41E7-AA21-25BCAB55EDB5}.Release|x64.Build.0 = Release|Any CPU
		{6B8FD55D-2D83-41E7-AA21-25BCAB55EDB5}.Release|x86.ActiveCfg = Release|Any CPU
		{6B8FD55D-2D83-41E7-AA21-25BCAB55EDB5}.Release|x86.Build.0 = Release|Any CPU
		{2D8CF4A9-0BA4-46DA-92B7-6E7CCB1DDF0B}.Debug|Any CPU.ActiveCfg = Debug|Any CPU
		{2D8CF4A9-0BA4-46DA-92B7-6E7CCB1DDF0B}.Debug|Any CPU.Build.0 = Debug|Any CPU
		{2D8CF4A9-0BA4-46DA-92B7-6E7CCB1DDF0B}.Debug|x64.ActiveCfg = Debug|Any CPU
		{2D8CF4A9-0BA4-46DA-92B7-6E7CCB1DDF0B}.Debug|x64.Build.0 = Debug|Any CPU
		{2D8CF4A9-0BA4-46DA-92B7-6E7CCB1DDF0B}.Debug|x86.ActiveCfg = Debug|Any CPU
		{2D8CF4A9-0BA4-46DA-92B7-6E7CCB1DDF0B}.Debug|x86.Build.0 = Debug|Any CPU
		{2D8CF4A9-0BA4-46DA-92B7-6E7CCB1DDF0B}.Release|Any CPU.ActiveCfg = Release|Any CPU
		{2D8CF4A9-0BA4-46DA-92B7-6E7CCB1DDF0B}.Release|Any CPU.Build.0 = Release|Any CPU
		{2D8CF4A9-0BA4-46DA-92B7-6E7CCB1DDF0B}.Release|x64.ActiveCfg = Release|Any CPU
		{2D8CF4A9-0BA4-46DA-92B7-6E7CCB1DDF0B}.Release|x64.Build.0 = Release|Any CPU
		{2D8CF4A9-0BA4-46DA-92B7-6E7CCB1DDF0B}.Release|x86.ActiveCfg = Release|Any CPU
		{2D8CF4A9-0BA4-46DA-92B7-6E7CCB1DDF0B}.Release|x86.Build.0 = Release|Any CPU
	EndGlobalSection
	GlobalSection(SolutionProperties) = preSolution
		HideSolutionNode = FALSE
	EndGlobalSection
	GlobalSection(ExtensibilityGlobals) = postSolution
		SolutionGuid = {40BD778E-C4F3-4029-9100-C3025212E8BF}
	EndGlobalSection
EndGlobal
